
Microsoft Visual Studio Solution File, Format Version 12.00
# Visual Studio Version 17
VisualStudioVersion = 17.5.002.0
MinimumVisualStudioVersion = 10.0.40219.1
Project("{2150E333-8FDC-42A3-9474-1A3956D46DE8}") = "Module2", "Module2", "{9B6DF44A-71ED-4674-9507-43491014C14D}"
EndProject
Project("{9A19103F-16F7-4668-BE54-9A1E7A4F7556}") = "Arrays", "Module2\Arrays\Arrays.csproj", "{B33164ED-AB11-4425-A39E-9BBE1C6EC232}"
EndProject
Project("{9A19103F-16F7-4668-BE54-9A1E7A4F7556}") = "CallMethodsChallenge", "Module2\CallMethodsChallenge\CallMethodsChallenge.csproj", "{23F8FDBF-1F11-426E-BA43-6C423929BB1E}"
EndProject
Project("{9A19103F-16F7-4668-BE54-9A1E7A4F7556}") = "ChallengeProject", "Module2\ChallengeProject\ChallengeProject.csproj", "{DA197AF9-FDB0-4ECB-8CA8-5D0CC572CB48}"
EndProject
Project("{9A19103F-16F7-4668-BE54-9A1E7A4F7556}") = "Foreach", "Module2\Foreach\Foreach.csproj", "{9C2D1DC2-545D-4311-ABA8-2769406ACBB9}"
EndProject
Project("{9A19103F-16F7-4668-BE54-9A1E7A4F7556}") = "Gambling", "Module2\Gambling\Gambling.csproj", "{A267003C-7137-45AD-AAE9-BAF7BB0E2E94}"
EndProject
Project("{9A19103F-16F7-4668-BE54-9A1E7A4F7556}") = "OverloadMethods", "Module2\OverloadMethods\OverloadMethods.csproj", "{626AFB4E-F2AB-48CA-B65C-556CCDA63BB2}"
EndProject
Project("{9A19103F-16F7-4668-BE54-9A1E7A4F7556}") = "ReadableCode", "Module2\ReadableCode\ReadableCode.csproj", "{11906E8D-6C3C-4E93-B1C0-D9D114A6A05D}"
EndProject
Project("{9A19103F-16F7-4668-BE54-9A1E7A4F7556}") = "RenewalSubscriptionsReminder", "Module2\RenewalSubscriptionsReminder\RenewalSubscriptionsReminder.csproj", "{B8E20392-44E5-4252-965E-24A0EB96D2A0}"
EndProject
Project("{2150E333-8FDC-42A3-9474-1A3956D46DE8}") = "Module3", "Module3", "{D8736701-F699-4869-BC4E-3986E2BD4545}"
EndProject
Project("{9A19103F-16F7-4668-BE54-9A1E7A4F7556}") = "ChallengeProject", "Module3\ChallengeProject\ChallengeProject.csproj", "{E93E8D41-A375-4297-A554-BC216E52D356}"
EndProject
Project("{9A19103F-16F7-4668-BE54-9A1E7A4F7556}") = "CodeBlock", "Module3\CodeBlock\CodeBlock.csproj", "{59389A45-28D1-465E-8C8A-252005F7FCF2}"
EndProject
Project("{9A19103F-16F7-4668-BE54-9A1E7A4F7556}") = "CoinFlipChallenge", "Module3\CoinFlipChallenge\CoinFlipChallenge.csproj", "{15EE163C-6247-43A6-9952-BAA188A01247}"
EndProject
Project("{9A19103F-16F7-4668-BE54-9A1E7A4F7556}") = "ConditionalOperator", "Module3\ConditionalOperator\ConditionalOperator.csproj", "{D1E1D8EF-8950-4ED4-B639-0FC8DDAA6132}"
EndProject
Project("{9A19103F-16F7-4668-BE54-9A1E7A4F7556}") = "DecisionLogicChallenge", "Module3\DecisionLogicChallenge\DecisionLogicChallenge.csproj", "{B9A035FD-4A8E-48C6-9097-79A920582190}"
EndProject
Project("{9A19103F-16F7-4668-BE54-9A1E7A4F7556}") = "DoWhile", "Module3\DoWhile\DoWhile.csproj", "{D05C0332-913E-4D41-94E5-2A9B014E4AB2}"
EndProject
Project("{9A19103F-16F7-4668-BE54-9A1E7A4F7556}") = "EvaluateExpression", "Module3\EvaluateExpression\EvaluateExpression.csproj", "{36F8E25D-E9BF-4D20-8202-1AFA2E4BD043}"
EndProject
Project("{9A19103F-16F7-4668-BE54-9A1E7A4F7556}") = "FizzBuzzChallenge", "Module3\FizzBuzzChallenge\FizzBuzzChallenge.csproj", "{AA3C67FE-CB82-4C91-951D-59FCE5467D64}"
EndProject
Project("{9A19103F-16F7-4668-BE54-9A1E7A4F7556}") = "GuidedProject", "Module3\GuidedProject\GuidedProject.csproj", "{634B59E8-556E-4A06-BFD6-0D6C2E261423}"
EndProject
Project("{9A19103F-16F7-4668-BE54-9A1E7A4F7556}") = "IterationLoops", "Module3\IterationLoops\IterationLoops.csproj", "{8B19ABC0-0E0D-40D2-A356-79B7752D2F6E}"
EndProject
Project("{9A19103F-16F7-4668-BE54-9A1E7A4F7556}") = "IterCodeChallenge", "Module3\IterCodeChallenge\IterCodeChallenge.csproj", "{584AEE55-9366-4C68-8E8F-9DF9724698E9}"
EndProject
Project("{9A19103F-16F7-4668-BE54-9A1E7A4F7556}") = "RPGBattleChallenge", "Module3\RPGBattleChallenge\RPGBattleChallenge.csproj", "{9EC4C562-C7A9-4D37-BD49-83150D9DA6D5}"
EndProject
Project("{9A19103F-16F7-4668-BE54-9A1E7A4F7556}") = "SwitchStatement", "Module3\SwitchStatement\SwitchStatement.csproj", "{39E0E827-D8FB-46D5-A567-48D7EA24CD5E}"
EndProject
Project("{9A19103F-16F7-4668-BE54-9A1E7A4F7556}") = "SwitchStatementChallenge", "Module3\SwitchStatementChallenge\SwitchStatementChallenge.csproj", "{58EFD2C9-CDDE-442E-9B29-F8B02FFADF06}"
EndProject
Project("{9A19103F-16F7-4668-BE54-9A1E7A4F7556}") = "VariableScopeChallenge", "Module3\VariableScopeChallenge\VariableScopeChallenge.csproj", "{0A7604D8-E2B9-484A-B13B-B9E2EAAAB1A0}"
EndProject
Project("{2150E333-8FDC-42A3-9474-1A3956D46DE8}") = "Module4", "Module4", "{A1886636-C02A-43D1-BFEA-F41D0B7F3E11}"
EndProject
Project("{9A19103F-16F7-4668-BE54-9A1E7A4F7556}") = "ChallengeProject", "Module4\ChallengeProject\ChallengeProject.csproj", "{144F0E23-48A9-458C-9534-1F5B8E0D57AF}"
EndProject
Project("{9A19103F-16F7-4668-BE54-9A1E7A4F7556}") = "GuidedProject", "Module4\GuidedProject\GuidedProject.csproj", "{8040A48C-0B6D-49C7-AB31-8B6C7D1EDAE3}"
EndProject
Project("{2150E333-8FDC-42A3-9474-1A3956D46DE8}") = "Module5", "Module5", "{642FEDA4-0742-478D-9266-9CC1DD8DEC55}"
EndProject
Project("{9A19103F-16F7-4668-BE54-9A1E7A4F7556}") = "ChallengeProject", "Module5\ChallengeProject\ChallengeProject.csproj", "{65480C5A-B15B-4A7E-9D05-2BBFD254D9C4}"
EndProject
Project("{9A19103F-16F7-4668-BE54-9A1E7A4F7556}") = "GuidedProject", "Module5\GuidedProject\GuidedProject.csproj", "{4231FE06-857C-4CDA-81FC-F191AD82543A}"
EndProject
Project("{2150E333-8FDC-42A3-9474-1A3956D46DE8}") = "StudentGrading", "StudentGrading", "{3F07F45A-7376-4CF6-B87A-42A5432F2492}"
EndProject
Project("{9A19103F-16F7-4668-BE54-9A1E7A4F7556}") = "Final", "Module2\StudentGrading\Final\Final.csproj", "{A15A4BEB-E687-4E89-8A81-923B346D96CB}"
EndProject
Project("{9A19103F-16F7-4668-BE54-9A1E7A4F7556}") = "Starter", "Module2\StudentGrading\Starter\Starter.csproj", "{F28ABAC2-F4F8-4421-ADC0-CBCC476EFA43}"
EndProject
Project("{2150E333-8FDC-42A3-9474-1A3956D46DE8}") = "ConvertDataTypes", "ConvertDataTypes", "{9A176FD0-FDE1-4197-B18D-832F5046017F}"
EndProject
Project("{9A19103F-16F7-4668-BE54-9A1E7A4F7556}") = "CodeChallenge", "Module4\ConvertDataTypes\CodeChallenge\CodeChallenge.csproj", "{3B612DE4-6139-4EB2-8259-9473C1F1E203}"
EndProject
Project("{9A19103F-16F7-4668-BE54-9A1E7A4F7556}") = "TestProject", "Module4\ConvertDataTypes\TestProject\TestProject.csproj", "{66C7D3C9-805C-4A6D-85D3-7B6F2D8478C1}"
EndProject
Project("{2150E333-8FDC-42A3-9474-1A3956D46DE8}") = "FormatAlphaNumeric", "FormatAlphaNumeric", "{AC8CEED3-AD1E-434C-B267-73D862185492}"
EndProject
Project("{9A19103F-16F7-4668-BE54-9A1E7A4F7556}") = "CodeChallenge", "Module4\FormatAlphaNumeric\CodeChallenge\CodeChallenge.csproj", "{7552B967-D970-4B18-8E77-815EED83F53D}"
EndProject
Project("{9A19103F-16F7-4668-BE54-9A1E7A4F7556}") = "TestProject", "Module4\FormatAlphaNumeric\TestProject\TestProject.csproj", "{ACFB41DE-4976-401A-BED3-5848DB8AD159}"
EndProject
Project("{2150E333-8FDC-42A3-9474-1A3956D46DE8}") = "ModifyStringContent", "ModifyStringContent", "{D7F51EC8-5E71-4B9C-B9F8-EABDF83FAC18}"
EndProject
Project("{9A19103F-16F7-4668-BE54-9A1E7A4F7556}") = "CodeChallenge", "Module4\ModifyStringContent\CodeChallenge\CodeChallenge.csproj", "{F64B4151-8475-42A0-BF58-E2E269759643}"
EndProject
Project("{9A19103F-16F7-4668-BE54-9A1E7A4F7556}") = "TestProject", "Module4\ModifyStringContent\TestProject\TestProject.csproj", "{1A29E601-692A-43C0-BC18-E7E8900D0847}"
EndProject
Project("{2150E333-8FDC-42A3-9474-1A3956D46DE8}") = "OperationsOnArrays", "OperationsOnArrays", "{247361D6-2D87-49B3-9360-3A425DF5ABAA}"
EndProject
Project("{9A19103F-16F7-4668-BE54-9A1E7A4F7556}") = "CodeChallenge", "Module4\OperationsOnArrays\CodeChallenge\CodeChallenge.csproj", "{E1DACE53-D693-4235-B8A0-2CC84FF5BA59}"
EndProject
Project("{9A19103F-16F7-4668-BE54-9A1E7A4F7556}") = "TestProjects", "Module4\OperationsOnArrays\TestProjects\TestProjects.csproj", "{348F9DE2-96A2-4D8E-875D-1EEE4597C56F}"
EndProject
Project("{2150E333-8FDC-42A3-9474-1A3956D46DE8}") = "CreateMethods", "CreateMethods", "{CDE7CC5B-2D6C-4EE3-A8C6-B2219DE81EF0}"
EndProject
Project("{9A19103F-16F7-4668-BE54-9A1E7A4F7556}") = "CodeChallenge", "Module5\CreateMethods\CodeChallenge\CodeChallenge.csproj", "{7EC13BD8-EA8D-4EEE-A0C3-1DEFE3296704}"
EndProject
Project("{9A19103F-16F7-4668-BE54-9A1E7A4F7556}") = "TestProject", "Module5\CreateMethods\TestProject\TestProject.csproj", "{4236CE2B-C349-4A4B-82DF-00D7C9651CD4}"
EndProject
Project("{2150E333-8FDC-42A3-9474-1A3956D46DE8}") = "MethodParameter", "MethodParameter", "{535921F6-BA93-4671-8964-1691B69935E0}"
EndProject
Project("{9A19103F-16F7-4668-BE54-9A1E7A4F7556}") = "CodeChallenge", "Module5\MethodParameter\CodeChallenge\CodeChallenge.csproj", "{769A14D3-E028-496B-8C84-A33D7CB61898}"
EndProject
Project("{9A19103F-16F7-4668-BE54-9A1E7A4F7556}") = "TestProject", "Module5\MethodParameter\TestProject\TestProject.csproj", "{5BED4C1C-DC07-4576-82DE-EE27CC1E258E}"
EndProject
Project("{2150E333-8FDC-42A3-9474-1A3956D46DE8}") = "MethodReturnValue", "MethodReturnValue", "{2264948E-CCA4-4323-B2C5-4B5B04C64B8F}"
EndProject
Project("{9A19103F-16F7-4668-BE54-9A1E7A4F7556}") = "CodeChallenge", "Module5\MethodReturnValue\CodeChallenge\CodeChallenge.csproj", "{599D5915-2A52-439B-9DFA-EAB5062695B5}"
EndProject
Project("{9A19103F-16F7-4668-BE54-9A1E7A4F7556}") = "TestProject", "Module5\MethodReturnValue\TestProject\TestProject.csproj", "{711C2FD7-55DE-4DE3-AA09-61D7F17DC7B0}"
EndProject
Global
	GlobalSection(SolutionConfigurationPlatforms) = preSolution
		Debug|Any CPU = Debug|Any CPU
		Release|Any CPU = Release|Any CPU
	EndGlobalSection
	GlobalSection(ProjectConfigurationPlatforms) = postSolution
		{B33164ED-AB11-4425-A39E-9BBE1C6EC232}.Debug|Any CPU.ActiveCfg = Debug|Any CPU
		{B33164ED-AB11-4425-A39E-9BBE1C6EC232}.Debug|Any CPU.Build.0 = Debug|Any CPU
		{B33164ED-AB11-4425-A39E-9BBE1C6EC232}.Release|Any CPU.ActiveCfg = Release|Any CPU
		{B33164ED-AB11-4425-A39E-9BBE1C6EC232}.Release|Any CPU.Build.0 = Release|Any CPU
		{23F8FDBF-1F11-426E-BA43-6C423929BB1E}.Debug|Any CPU.ActiveCfg = Debug|Any CPU
		{23F8FDBF-1F11-426E-BA43-6C423929BB1E}.Debug|Any CPU.Build.0 = Debug|Any CPU
		{23F8FDBF-1F11-426E-BA43-6C423929BB1E}.Release|Any CPU.ActiveCfg = Release|Any CPU
		{23F8FDBF-1F11-426E-BA43-6C423929BB1E}.Release|Any CPU.Build.0 = Release|Any CPU
		{DA197AF9-FDB0-4ECB-8CA8-5D0CC572CB48}.Debug|Any CPU.ActiveCfg = Debug|Any CPU
		{DA197AF9-FDB0-4ECB-8CA8-5D0CC572CB48}.Debug|Any CPU.Build.0 = Debug|Any CPU
		{DA197AF9-FDB0-4ECB-8CA8-5D0CC572CB48}.Release|Any CPU.ActiveCfg = Release|Any CPU
		{DA197AF9-FDB0-4ECB-8CA8-5D0CC572CB48}.Release|Any CPU.Build.0 = Release|Any CPU
		{9C2D1DC2-545D-4311-ABA8-2769406ACBB9}.Debug|Any CPU.ActiveCfg = Debug|Any CPU
		{9C2D1DC2-545D-4311-ABA8-2769406ACBB9}.Debug|Any CPU.Build.0 = Debug|Any CPU
		{9C2D1DC2-545D-4311-ABA8-2769406ACBB9}.Release|Any CPU.ActiveCfg = Release|Any CPU
		{9C2D1DC2-545D-4311-ABA8-2769406ACBB9}.Release|Any CPU.Build.0 = Release|Any CPU
		{A267003C-7137-45AD-AAE9-BAF7BB0E2E94}.Debug|Any CPU.ActiveCfg = Debug|Any CPU
		{A267003C-7137-45AD-AAE9-BAF7BB0E2E94}.Debug|Any CPU.Build.0 = Debug|Any CPU
		{A267003C-7137-45AD-AAE9-BAF7BB0E2E94}.Release|Any CPU.ActiveCfg = Release|Any CPU
		{A267003C-7137-45AD-AAE9-BAF7BB0E2E94}.Release|Any CPU.Build.0 = Release|Any CPU
		{626AFB4E-F2AB-48CA-B65C-556CCDA63BB2}.Debug|Any CPU.ActiveCfg = Debug|Any CPU
		{626AFB4E-F2AB-48CA-B65C-556CCDA63BB2}.Debug|Any CPU.Build.0 = Debug|Any CPU
		{626AFB4E-F2AB-48CA-B65C-556CCDA63BB2}.Release|Any CPU.ActiveCfg = Release|Any CPU
		{626AFB4E-F2AB-48CA-B65C-556CCDA63BB2}.Release|Any CPU.Build.0 = Release|Any CPU
		{11906E8D-6C3C-4E93-B1C0-D9D114A6A05D}.Debug|Any CPU.ActiveCfg = Debug|Any CPU
		{11906E8D-6C3C-4E93-B1C0-D9D114A6A05D}.Debug|Any CPU.Build.0 = Debug|Any CPU
		{11906E8D-6C3C-4E93-B1C0-D9D114A6A05D}.Release|Any CPU.ActiveCfg = Release|Any CPU
		{11906E8D-6C3C-4E93-B1C0-D9D114A6A05D}.Release|Any CPU.Build.0 = Release|Any CPU
		{B8E20392-44E5-4252-965E-24A0EB96D2A0}.Debug|Any CPU.ActiveCfg = Debug|Any CPU
		{B8E20392-44E5-4252-965E-24A0EB96D2A0}.Debug|Any CPU.Build.0 = Debug|Any CPU
		{B8E20392-44E5-4252-965E-24A0EB96D2A0}.Release|Any CPU.ActiveCfg = Release|Any CPU
		{B8E20392-44E5-4252-965E-24A0EB96D2A0}.Release|Any CPU.Build.0 = Release|Any CPU
		{E93E8D41-A375-4297-A554-BC216E52D356}.Debug|Any CPU.ActiveCfg = Debug|Any CPU
		{E93E8D41-A375-4297-A554-BC216E52D356}.Debug|Any CPU.Build.0 = Debug|Any CPU
		{E93E8D41-A375-4297-A554-BC216E52D356}.Release|Any CPU.ActiveCfg = Release|Any CPU
		{E93E8D41-A375-4297-A554-BC216E52D356}.Release|Any CPU.Build.0 = Release|Any CPU
		{59389A45-28D1-465E-8C8A-252005F7FCF2}.Debug|Any CPU.ActiveCfg = Debug|Any CPU
		{59389A45-28D1-465E-8C8A-252005F7FCF2}.Debug|Any CPU.Build.0 = Debug|Any CPU
		{59389A45-28D1-465E-8C8A-252005F7FCF2}.Release|Any CPU.ActiveCfg = Release|Any CPU
		{59389A45-28D1-465E-8C8A-252005F7FCF2}.Release|Any CPU.Build.0 = Release|Any CPU
		{15EE163C-6247-43A6-9952-BAA188A01247}.Debug|Any CPU.ActiveCfg = Debug|Any CPU
		{15EE163C-6247-43A6-9952-BAA188A01247}.Debug|Any CPU.Build.0 = Debug|Any CPU
		{15EE163C-6247-43A6-9952-BAA188A01247}.Release|Any CPU.ActiveCfg = Release|Any CPU
		{15EE163C-6247-43A6-9952-BAA188A01247}.Release|Any CPU.Build.0 = Release|Any CPU
		{D1E1D8EF-8950-4ED4-B639-0FC8DDAA6132}.Debug|Any CPU.ActiveCfg = Debug|Any CPU
		{D1E1D8EF-8950-4ED4-B639-0FC8DDAA6132}.Debug|Any CPU.Build.0 = Debug|Any CPU
		{D1E1D8EF-8950-4ED4-B639-0FC8DDAA6132}.Release|Any CPU.ActiveCfg = Release|Any CPU
		{D1E1D8EF-8950-4ED4-B639-0FC8DDAA6132}.Release|Any CPU.Build.0 = Release|Any CPU
		{B9A035FD-4A8E-48C6-9097-79A920582190}.Debug|Any CPU.ActiveCfg = Debug|Any CPU
		{B9A035FD-4A8E-48C6-9097-79A920582190}.Debug|Any CPU.Build.0 = Debug|Any CPU
		{B9A035FD-4A8E-48C6-9097-79A920582190}.Release|Any CPU.ActiveCfg = Release|Any CPU
		{B9A035FD-4A8E-48C6-9097-79A920582190}.Release|Any CPU.Build.0 = Release|Any CPU
		{D05C0332-913E-4D41-94E5-2A9B014E4AB2}.Debug|Any CPU.ActiveCfg = Debug|Any CPU
		{D05C0332-913E-4D41-94E5-2A9B014E4AB2}.Debug|Any CPU.Build.0 = Debug|Any CPU
		{D05C0332-913E-4D41-94E5-2A9B014E4AB2}.Release|Any CPU.ActiveCfg = Release|Any CPU
		{D05C0332-913E-4D41-94E5-2A9B014E4AB2}.Release|Any CPU.Build.0 = Release|Any CPU
		{36F8E25D-E9BF-4D20-8202-1AFA2E4BD043}.Debug|Any CPU.ActiveCfg = Debug|Any CPU
		{36F8E25D-E9BF-4D20-8202-1AFA2E4BD043}.Debug|Any CPU.Build.0 = Debug|Any CPU
		{36F8E25D-E9BF-4D20-8202-1AFA2E4BD043}.Release|Any CPU.ActiveCfg = Release|Any CPU
		{36F8E25D-E9BF-4D20-8202-1AFA2E4BD043}.Release|Any CPU.Build.0 = Release|Any CPU
		{AA3C67FE-CB82-4C91-951D-59FCE5467D64}.Debug|Any CPU.ActiveCfg = Debug|Any CPU
		{AA3C67FE-CB82-4C91-951D-59FCE5467D64}.Debug|Any CPU.Build.0 = Debug|Any CPU
		{AA3C67FE-CB82-4C91-951D-59FCE5467D64}.Release|Any CPU.ActiveCfg = Release|Any CPU
		{AA3C67FE-CB82-4C91-951D-59FCE5467D64}.Release|Any CPU.Build.0 = Release|Any CPU
		{634B59E8-556E-4A06-BFD6-0D6C2E261423}.Debug|Any CPU.ActiveCfg = Debug|Any CPU
		{634B59E8-556E-4A06-BFD6-0D6C2E261423}.Debug|Any CPU.Build.0 = Debug|Any CPU
		{634B59E8-556E-4A06-BFD6-0D6C2E261423}.Release|Any CPU.ActiveCfg = Release|Any CPU
		{634B59E8-556E-4A06-BFD6-0D6C2E261423}.Release|Any CPU.Build.0 = Release|Any CPU
		{8B19ABC0-0E0D-40D2-A356-79B7752D2F6E}.Debug|Any CPU.ActiveCfg = Debug|Any CPU
		{8B19ABC0-0E0D-40D2-A356-79B7752D2F6E}.Debug|Any CPU.Build.0 = Debug|Any CPU
		{8B19ABC0-0E0D-40D2-A356-79B7752D2F6E}.Release|Any CPU.ActiveCfg = Release|Any CPU
		{8B19ABC0-0E0D-40D2-A356-79B7752D2F6E}.Release|Any CPU.Build.0 = Release|Any CPU
		{584AEE55-9366-4C68-8E8F-9DF9724698E9}.Debug|Any CPU.ActiveCfg = Debug|Any CPU
		{584AEE55-9366-4C68-8E8F-9DF9724698E9}.Debug|Any CPU.Build.0 = Debug|Any CPU
		{584AEE55-9366-4C68-8E8F-9DF9724698E9}.Release|Any CPU.ActiveCfg = Release|Any CPU
		{584AEE55-9366-4C68-8E8F-9DF9724698E9}.Release|Any CPU.Build.0 = Release|Any CPU
		{9EC4C562-C7A9-4D37-BD49-83150D9DA6D5}.Debug|Any CPU.ActiveCfg = Debug|Any CPU
		{9EC4C562-C7A9-4D37-BD49-83150D9DA6D5}.Debug|Any CPU.Build.0 = Debug|Any CPU
		{9EC4C562-C7A9-4D37-BD49-83150D9DA6D5}.Release|Any CPU.ActiveCfg = Release|Any CPU
		{9EC4C562-C7A9-4D37-BD49-83150D9DA6D5}.Release|Any CPU.Build.0 = Release|Any CPU
		{39E0E827-D8FB-46D5-A567-48D7EA24CD5E}.Debug|Any CPU.ActiveCfg = Debug|Any CPU
		{39E0E827-D8FB-46D5-A567-48D7EA24CD5E}.Debug|Any CPU.Build.0 = Debug|Any CPU
		{39E0E827-D8FB-46D5-A567-48D7EA24CD5E}.Release|Any CPU.ActiveCfg = Release|Any CPU
		{39E0E827-D8FB-46D5-A567-48D7EA24CD5E}.Release|Any CPU.Build.0 = Release|Any CPU
		{58EFD2C9-CDDE-442E-9B29-F8B02FFADF06}.Debug|Any CPU.ActiveCfg = Debug|Any CPU
		{58EFD2C9-CDDE-442E-9B29-F8B02FFADF06}.Debug|Any CPU.Build.0 = Debug|Any CPU
		{58EFD2C9-CDDE-442E-9B29-F8B02FFADF06}.Release|Any CPU.ActiveCfg = Release|Any CPU
		{58EFD2C9-CDDE-442E-9B29-F8B02FFADF06}.Release|Any CPU.Build.0 = Release|Any CPU
		{0A7604D8-E2B9-484A-B13B-B9E2EAAAB1A0}.Debug|Any CPU.ActiveCfg = Debug|Any CPU
		{0A7604D8-E2B9-484A-B13B-B9E2EAAAB1A0}.Debug|Any CPU.Build.0 = Debug|Any CPU
		{0A7604D8-E2B9-484A-B13B-B9E2EAAAB1A0}.Release|Any CPU.ActiveCfg = Release|Any CPU
		{0A7604D8-E2B9-484A-B13B-B9E2EAAAB1A0}.Release|Any CPU.Build.0 = Release|Any CPU
		{144F0E23-48A9-458C-9534-1F5B8E0D57AF}.Debug|Any CPU.ActiveCfg = Debug|Any CPU
		{144F0E23-48A9-458C-9534-1F5B8E0D57AF}.Debug|Any CPU.Build.0 = Debug|Any CPU
		{144F0E23-48A9-458C-9534-1F5B8E0D57AF}.Release|Any CPU.ActiveCfg = Release|Any CPU
		{144F0E23-48A9-458C-9534-1F5B8E0D57AF}.Release|Any CPU.Build.0 = Release|Any CPU
		{8040A48C-0B6D-49C7-AB31-8B6C7D1EDAE3}.Debug|Any CPU.ActiveCfg = Debug|Any CPU
		{8040A48C-0B6D-49C7-AB31-8B6C7D1EDAE3}.Debug|Any CPU.Build.0 = Debug|Any CPU
		{8040A48C-0B6D-49C7-AB31-8B6C7D1EDAE3}.Release|Any CPU.ActiveCfg = Release|Any CPU
		{8040A48C-0B6D-49C7-AB31-8B6C7D1EDAE3}.Release|Any CPU.Build.0 = Release|Any CPU
		{65480C5A-B15B-4A7E-9D05-2BBFD254D9C4}.Debug|Any CPU.ActiveCfg = Debug|Any CPU
		{65480C5A-B15B-4A7E-9D05-2BBFD254D9C4}.Debug|Any CPU.Build.0 = Debug|Any CPU
		{65480C5A-B15B-4A7E-9D05-2BBFD254D9C4}.Release|Any CPU.ActiveCfg = Release|Any CPU
		{65480C5A-B15B-4A7E-9D05-2BBFD254D9C4}.Release|Any CPU.Build.0 = Release|Any CPU
		{4231FE06-857C-4CDA-81FC-F191AD82543A}.Debug|Any CPU.ActiveCfg = Debug|Any CPU
		{4231FE06-857C-4CDA-81FC-F191AD82543A}.Debug|Any CPU.Build.0 = Debug|Any CPU
		{4231FE06-857C-4CDA-81FC-F191AD82543A}.Release|Any CPU.ActiveCfg = Release|Any CPU
		{4231FE06-857C-4CDA-81FC-F191AD82543A}.Release|Any CPU.Build.0 = Release|Any CPU
		{A15A4BEB-E687-4E89-8A81-923B346D96CB}.Debug|Any CPU.ActiveCfg = Debug|Any CPU
		{A15A4BEB-E687-4E89-8A81-923B346D96CB}.Debug|Any CPU.Build.0 = Debug|Any CPU
		{A15A4BEB-E687-4E89-8A81-923B346D96CB}.Release|Any CPU.ActiveCfg = Release|Any CPU
		{A15A4BEB-E687-4E89-8A81-923B346D96CB}.Release|Any CPU.Build.0 = Release|Any CPU
		{F28ABAC2-F4F8-4421-ADC0-CBCC476EFA43}.Debug|Any CPU.ActiveCfg = Debug|Any CPU
		{F28ABAC2-F4F8-4421-ADC0-CBCC476EFA43}.Debug|Any CPU.Build.0 = Debug|Any CPU
		{F28ABAC2-F4F8-4421-ADC0-CBCC476EFA43}.Release|Any CPU.ActiveCfg = Release|Any CPU
		{F28ABAC2-F4F8-4421-ADC0-CBCC476EFA43}.Release|Any CPU.Build.0 = Release|Any CPU
		{3B612DE4-6139-4EB2-8259-9473C1F1E203}.Debug|Any CPU.ActiveCfg = Debug|Any CPU
		{3B612DE4-6139-4EB2-8259-9473C1F1E203}.Debug|Any CPU.Build.0 = Debug|Any CPU
		{3B612DE4-6139-4EB2-8259-9473C1F1E203}.Release|Any CPU.ActiveCfg = Release|Any CPU
		{3B612DE4-6139-4EB2-8259-9473C1F1E203}.Release|Any CPU.Build.0 = Release|Any CPU
		{66C7D3C9-805C-4A6D-85D3-7B6F2D8478C1}.Debug|Any CPU.ActiveCfg = Debug|Any CPU
		{66C7D3C9-805C-4A6D-85D3-7B6F2D8478C1}.Debug|Any CPU.Build.0 = Debug|Any CPU
		{66C7D3C9-805C-4A6D-85D3-7B6F2D8478C1}.Release|Any CPU.ActiveCfg = Release|Any CPU
		{66C7D3C9-805C-4A6D-85D3-7B6F2D8478C1}.Release|Any CPU.Build.0 = Release|Any CPU
		{7552B967-D970-4B18-8E77-815EED83F53D}.Debug|Any CPU.ActiveCfg = Debug|Any CPU
		{7552B967-D970-4B18-8E77-815EED83F53D}.Debug|Any CPU.Build.0 = Debug|Any CPU
		{7552B967-D970-4B18-8E77-815EED83F53D}.Release|Any CPU.ActiveCfg = Release|Any CPU
		{7552B967-D970-4B18-8E77-815EED83F53D}.Release|Any CPU.Build.0 = Release|Any CPU
		{ACFB41DE-4976-401A-BED3-5848DB8AD159}.Debug|Any CPU.ActiveCfg = Debug|Any CPU
		{ACFB41DE-4976-401A-BED3-5848DB8AD159}.Debug|Any CPU.Build.0 = Debug|Any CPU
		{ACFB41DE-4976-401A-BED3-5848DB8AD159}.Release|Any CPU.ActiveCfg = Release|Any CPU
		{ACFB41DE-4976-401A-BED3-5848DB8AD159}.Release|Any CPU.Build.0 = Release|Any CPU
		{F64B4151-8475-42A0-BF58-E2E269759643}.Debug|Any CPU.ActiveCfg = Debug|Any CPU
		{F64B4151-8475-42A0-BF58-E2E269759643}.Debug|Any CPU.Build.0 = Debug|Any CPU
		{F64B4151-8475-42A0-BF58-E2E269759643}.Release|Any CPU.ActiveCfg = Release|Any CPU
		{F64B4151-8475-42A0-BF58-E2E269759643}.Release|Any CPU.Build.0 = Release|Any CPU
		{1A29E601-692A-43C0-BC18-E7E8900D0847}.Debug|Any CPU.ActiveCfg = Debug|Any CPU
		{1A29E601-692A-43C0-BC18-E7E8900D0847}.Debug|Any CPU.Build.0 = Debug|Any CPU
		{1A29E601-692A-43C0-BC18-E7E8900D0847}.Release|Any CPU.ActiveCfg = Release|Any CPU
		{1A29E601-692A-43C0-BC18-E7E8900D0847}.Release|Any CPU.Build.0 = Release|Any CPU
		{E1DACE53-D693-4235-B8A0-2CC84FF5BA59}.Debug|Any CPU.ActiveCfg = Debug|Any CPU
		{E1DACE53-D693-4235-B8A0-2CC84FF5BA59}.Debug|Any CPU.Build.0 = Debug|Any CPU
		{E1DACE53-D693-4235-B8A0-2CC84FF5BA59}.Release|Any CPU.ActiveCfg = Release|Any CPU
		{E1DACE53-D693-4235-B8A0-2CC84FF5BA59}.Release|Any CPU.Build.0 = Release|Any CPU
		{348F9DE2-96A2-4D8E-875D-1EEE4597C56F}.Debug|Any CPU.ActiveCfg = Debug|Any CPU
		{348F9DE2-96A2-4D8E-875D-1EEE4597C56F}.Debug|Any CPU.Build.0 = Debug|Any CPU
		{348F9DE2-96A2-4D8E-875D-1EEE4597C56F}.Release|Any CPU.ActiveCfg = Release|Any CPU
		{348F9DE2-96A2-4D8E-875D-1EEE4597C56F}.Release|Any CPU.Build.0 = Release|Any CPU
		{7EC13BD8-EA8D-4EEE-A0C3-1DEFE3296704}.Debug|Any CPU.ActiveCfg = Debug|Any CPU
		{7EC13BD8-EA8D-4EEE-A0C3-1DEFE3296704}.Debug|Any CPU.Build.0 = Debug|Any CPU
		{7EC13BD8-EA8D-4EEE-A0C3-1DEFE3296704}.Release|Any CPU.ActiveCfg = Release|Any CPU
		{7EC13BD8-EA8D-4EEE-A0C3-1DEFE3296704}.Release|Any CPU.Build.0 = Release|Any CPU
		{4236CE2B-C349-4A4B-82DF-00D7C9651CD4}.Debug|Any CPU.ActiveCfg = Debug|Any CPU
		{4236CE2B-C349-4A4B-82DF-00D7C9651CD4}.Debug|Any CPU.Build.0 = Debug|Any CPU
		{4236CE2B-C349-4A4B-82DF-00D7C9651CD4}.Release|Any CPU.ActiveCfg = Release|Any CPU
		{4236CE2B-C349-4A4B-82DF-00D7C9651CD4}.Release|Any CPU.Build.0 = Release|Any CPU
		{769A14D3-E028-496B-8C84-A33D7CB61898}.Debug|Any CPU.ActiveCfg = Debug|Any CPU
		{769A14D3-E028-496B-8C84-A33D7CB61898}.Debug|Any CPU.Build.0 = Debug|Any CPU
		{769A14D3-E028-496B-8C84-A33D7CB61898}.Release|Any CPU.ActiveCfg = Release|Any CPU
		{769A14D3-E028-496B-8C84-A33D7CB61898}.Release|Any CPU.Build.0 = Release|Any CPU
		{5BED4C1C-DC07-4576-82DE-EE27CC1E258E}.Debug|Any CPU.ActiveCfg = Debug|Any CPU
		{5BED4C1C-DC07-4576-82DE-EE27CC1E258E}.Debug|Any CPU.Build.0 = Debug|Any CPU
		{5BED4C1C-DC07-4576-82DE-EE27CC1E258E}.Release|Any CPU.ActiveCfg = Release|Any CPU
		{5BED4C1C-DC07-4576-82DE-EE27CC1E258E}.Release|Any CPU.Build.0 = Release|Any CPU
		{599D5915-2A52-439B-9DFA-EAB5062695B5}.Debug|Any CPU.ActiveCfg = Debug|Any CPU
		{599D5915-2A52-439B-9DFA-EAB5062695B5}.Debug|Any CPU.Build.0 = Debug|Any CPU
		{599D5915-2A52-439B-9DFA-EAB5062695B5}.Release|Any CPU.ActiveCfg = Release|Any CPU
		{599D5915-2A52-439B-9DFA-EAB5062695B5}.Release|Any CPU.Build.0 = Release|Any CPU
		{711C2FD7-55DE-4DE3-AA09-61D7F17DC7B0}.Debug|Any CPU.ActiveCfg = Debug|Any CPU
		{711C2FD7-55DE-4DE3-AA09-61D7F17DC7B0}.Debug|Any CPU.Build.0 = Debug|Any CPU
		{711C2FD7-55DE-4DE3-AA09-61D7F17DC7B0}.Release|Any CPU.ActiveCfg = Release|Any CPU
		{711C2FD7-55DE-4DE3-AA09-61D7F17DC7B0}.Release|Any CPU.Build.0 = Release|Any CPU
	EndGlobalSection
	GlobalSection(SolutionProperties) = preSolution
		HideSolutionNode = FALSE
	EndGlobalSection
	GlobalSection(NestedProjects) = preSolution
		{B33164ED-AB11-4425-A39E-9BBE1C6EC232} = {9B6DF44A-71ED-4674-9507-43491014C14D}
		{23F8FDBF-1F11-426E-BA43-6C423929BB1E} = {9B6DF44A-71ED-4674-9507-43491014C14D}
		{DA197AF9-FDB0-4ECB-8CA8-5D0CC572CB48} = {9B6DF44A-71ED-4674-9507-43491014C14D}
		{9C2D1DC2-545D-4311-ABA8-2769406ACBB9} = {9B6DF44A-71ED-4674-9507-43491014C14D}
		{A267003C-7137-45AD-AAE9-BAF7BB0E2E94} = {9B6DF44A-71ED-4674-9507-43491014C14D}
		{626AFB4E-F2AB-48CA-B65C-556CCDA63BB2} = {9B6DF44A-71ED-4674-9507-43491014C14D}
		{11906E8D-6C3C-4E93-B1C0-D9D114A6A05D} = {9B6DF44A-71ED-4674-9507-43491014C14D}
		{B8E20392-44E5-4252-965E-24A0EB96D2A0} = {9B6DF44A-71ED-4674-9507-43491014C14D}
		{E93E8D41-A375-4297-A554-BC216E52D356} = {D8736701-F699-4869-BC4E-3986E2BD4545}
		{59389A45-28D1-465E-8C8A-252005F7FCF2} = {D8736701-F699-4869-BC4E-3986E2BD4545}
		{15EE163C-6247-43A6-9952-BAA188A01247} = {D8736701-F699-4869-BC4E-3986E2BD4545}
		{D1E1D8EF-8950-4ED4-B639-0FC8DDAA6132} = {D8736701-F699-4869-BC4E-3986E2BD4545}
		{B9A035FD-4A8E-48C6-9097-79A920582190} = {D8736701-F699-4869-BC4E-3986E2BD4545}
		{D05C0332-913E-4D41-94E5-2A9B014E4AB2} = {D8736701-F699-4869-BC4E-3986E2BD4545}
		{36F8E25D-E9BF-4D20-8202-1AFA2E4BD043} = {D8736701-F699-4869-BC4E-3986E2BD4545}
		{AA3C67FE-CB82-4C91-951D-59FCE5467D64} = {D8736701-F699-4869-BC4E-3986E2BD4545}
		{634B59E8-556E-4A06-BFD6-0D6C2E261423} = {D8736701-F699-4869-BC4E-3986E2BD4545}
		{8B19ABC0-0E0D-40D2-A356-79B7752D2F6E} = {D8736701-F699-4869-BC4E-3986E2BD4545}
		{584AEE55-9366-4C68-8E8F-9DF9724698E9} = {D8736701-F699-4869-BC4E-3986E2BD4545}
		{9EC4C562-C7A9-4D37-BD49-83150D9DA6D5} = {D8736701-F699-4869-BC4E-3986E2BD4545}
		{39E0E827-D8FB-46D5-A567-48D7EA24CD5E} = {D8736701-F699-4869-BC4E-3986E2BD4545}
		{58EFD2C9-CDDE-442E-9B29-F8B02FFADF06} = {D8736701-F699-4869-BC4E-3986E2BD4545}
		{0A7604D8-E2B9-484A-B13B-B9E2EAAAB1A0} = {D8736701-F699-4869-BC4E-3986E2BD4545}
		{144F0E23-48A9-458C-9534-1F5B8E0D57AF} = {A1886636-C02A-43D1-BFEA-F41D0B7F3E11}
		{8040A48C-0B6D-49C7-AB31-8B6C7D1EDAE3} = {A1886636-C02A-43D1-BFEA-F41D0B7F3E11}
		{65480C5A-B15B-4A7E-9D05-2BBFD254D9C4} = {642FEDA4-0742-478D-9266-9CC1DD8DEC55}
		{4231FE06-857C-4CDA-81FC-F191AD82543A} = {642FEDA4-0742-478D-9266-9CC1DD8DEC55}
		{3F07F45A-7376-4CF6-B87A-42A5432F2492} = {9B6DF44A-71ED-4674-9507-43491014C14D}
		{A15A4BEB-E687-4E89-8A81-923B346D96CB} = {3F07F45A-7376-4CF6-B87A-42A5432F2492}
		{F28ABAC2-F4F8-4421-ADC0-CBCC476EFA43} = {3F07F45A-7376-4CF6-B87A-42A5432F2492}
		{9A176FD0-FDE1-4197-B18D-832F5046017F} = {A1886636-C02A-43D1-BFEA-F41D0B7F3E11}
		{3B612DE4-6139-4EB2-8259-9473C1F1E203} = {9A176FD0-FDE1-4197-B18D-832F5046017F}
		{66C7D3C9-805C-4A6D-85D3-7B6F2D8478C1} = {9A176FD0-FDE1-4197-B18D-832F5046017F}
		{AC8CEED3-AD1E-434C-B267-73D862185492} = {A1886636-C02A-43D1-BFEA-F41D0B7F3E11}
		{7552B967-D970-4B18-8E77-815EED83F53D} = {AC8CEED3-AD1E-434C-B267-73D862185492}
		{ACFB41DE-4976-401A-BED3-5848DB8AD159} = {AC8CEED3-AD1E-434C-B267-73D862185492}
		{D7F51EC8-5E71-4B9C-B9F8-EABDF83FAC18} = {A1886636-C02A-43D1-BFEA-F41D0B7F3E11}
		{F64B4151-8475-42A0-BF58-E2E269759643} = {D7F51EC8-5E71-4B9C-B9F8-EABDF83FAC18}
		{1A29E601-692A-43C0-BC18-E7E8900D0847} = {D7F51EC8-5E71-4B9C-B9F8-EABDF83FAC18}
		{247361D6-2D87-49B3-9360-3A425DF5ABAA} = {A1886636-C02A-43D1-BFEA-F41D0B7F3E11}
		{E1DACE53-D693-4235-B8A0-2CC84FF5BA59} = {247361D6-2D87-49B3-9360-3A425DF5ABAA}
		{348F9DE2-96A2-4D8E-875D-1EEE4597C56F} = {247361D6-2D87-49B3-9360-3A425DF5ABAA}
		{CDE7CC5B-2D6C-4EE3-A8C6-B2219DE81EF0} = {642FEDA4-0742-478D-9266-9CC1DD8DEC55}
		{7EC13BD8-EA8D-4EEE-A0C3-1DEFE3296704} = {CDE7CC5B-2D6C-4EE3-A8C6-B2219DE81EF0}
		{4236CE2B-C349-4A4B-82DF-00D7C9651CD4} = {CDE7CC5B-2D6C-4EE3-A8C6-B2219DE81EF0}
		{535921F6-BA93-4671-8964-1691B69935E0} = {642FEDA4-0742-478D-9266-9CC1DD8DEC55}
		{769A14D3-E028-496B-8C84-A33D7CB61898} = {535921F6-BA93-4671-8964-1691B69935E0}
		{5BED4C1C-DC07-4576-82DE-EE27CC1E258E} = {535921F6-BA93-4671-8964-1691B69935E0}
		{2264948E-CCA4-4323-B2C5-4B5B04C64B8F} = {642FEDA4-0742-478D-9266-9CC1DD8DEC55}
		{599D5915-2A52-439B-9DFA-EAB5062695B5} = {2264948E-CCA4-4323-B2C5-4B5B04C64B8F}
		{711C2FD7-55DE-4DE3-AA09-61D7F17DC7B0} = {2264948E-CCA4-4323-B2C5-4B5B04C64B8F}
	EndGlobalSection
	GlobalSection(ExtensibilityGlobals) = postSolution
		SolutionGuid = {E486B533-25A0-4F79-A61E-69BAE9683D95}
	EndGlobalSection
EndGlobal
